github.com/spf13/afero v1.15.0 h1:b/YBCLWAJdFWJTN9cLhiXXcD7mzKn9Dm86dNnfyQw1I=
github.com/spf13/afero v1.15.0/go.mod h1:NC2ByUVxtQs4b3sIUphxK0NioZnmxgyCrfzeuq8lxMg=
github.com/stretchr/objx v0.5.3 h1:jmXUvGomnU1o3W/V5h2VEradbpJDwGrzugQQvL0POH4=
github.com/stretchr/objx v0.5.3/go.mod h1:rDQraq+vQZU7Fde9LOZLr8Tax6zZvy4kuNKF+QYS+U0=
github.com/stretchr/testify v1.12.1 h1:EuwCh5fleGS7H32xRwO3wRGT7DxrDhLAT6FF8MpWDWE=
github.com/stretchr/testify v1.12.1/go.mod h1:MDEgiDPPsNp5cuIrHPPCyornHKgEVbtFUmoNlxoYthg=
go.nhat.io/aferomock v0.9.0 h1:I61S8kQv4dCjFgv8kaelGBKLe2jw2mDxfYCz2pm6CQM=
go.nhat.io/aferomock v0.9.0/go.mod h1:g6CqmZMRkRoM3oOcziTnqbdCqfcdmirFtB3yxES8vM8=
go.yaml.in/yaml/v3 v3.0.5 h1:N6y/pJk8buWs9NY5ERU2HSMfm+IuD/OtfdAnq6kESPw=
go.yaml.in/yaml/v3 v3.0.5/go.mod h1:HVTZu1O7/Vkt2N+BFy8Zza+lnLsABggaTM2ZpNIGuKg=
golang.org/x/text v0.41.0 h1:vz/seA0lnX87Othu2f/0L24RcgrXD9/YFTSuGjj3rH8=
golang.org/x/text v0.41.0/go.mod h1:jvf1O8ajNzZqhSrQBPbutR/EB83Cc0CFrezNQIwbb5M=
